// !$*UTF8*$!
{
	archiveVersion = 1;
	classes = {
	};
	objectVersion = 55;
	objects = {

/* Begin PBXBuildFile section */
		3C31734128CE3CD300E7B776 /* SearchView.swift in Sources */ = {isa = PBXBuildFile; fileRef = 3C31734028CE3CD300E7B776 /* SearchView.swift */; };
		3C31734428D6272600E7B776 /* FavoriteView.swift in Sources */ = {isa = PBXBuildFile; fileRef = 3C31734328D6272600E7B776 /* FavoriteView.swift */; };
		3C31734728D628F800E7B776 /* FollowerListView.swift in Sources */ = {isa = PBXBuildFile; fileRef = 3C31734628D628F800E7B776 /* FollowerListView.swift */; };
		3C44AF3128954C4600E850C2 /* AppDelegate.swift in Sources */ = {isa = PBXBuildFile; fileRef = 3C44AF3028954C4600E850C2 /* AppDelegate.swift */; };
		3C44AF3328954C4600E850C2 /* SceneDelegate.swift in Sources */ = {isa = PBXBuildFile; fileRef = 3C44AF3228954C4600E850C2 /* SceneDelegate.swift */; };
		3C44AF3A28954C4700E850C2 /* Assets.xcassets in Resources */ = {isa = PBXBuildFile; fileRef = 3C44AF3928954C4700E850C2 /* Assets.xcassets */; };
		3C44AF3D28954C4700E850C2 /* LaunchScreen.storyboard in Resources */ = {isa = PBXBuildFile; fileRef = 3C44AF3B28954C4700E850C2 /* LaunchScreen.storyboard */; };
		3C44AF45289553B400E850C2 /* SearchVC.swift in Sources */ = {isa = PBXBuildFile; fileRef = 3C44AF44289553B400E850C2 /* SearchVC.swift */; };
		3C44AF47289553E600E850C2 /* FavoriteVC.swift in Sources */ = {isa = PBXBuildFile; fileRef = 3C44AF46289553E600E850C2 /* FavoriteVC.swift */; };
		3C44AF4928958E7D00E850C2 /* CustomTextField.swift in Sources */ = {isa = PBXBuildFile; fileRef = 3C44AF4828958E7D00E850C2 /* CustomTextField.swift */; };
		3C44AF4B28958F5400E850C2 /* CustomButton.swift in Sources */ = {isa = PBXBuildFile; fileRef = 3C44AF4A28958F5400E850C2 /* CustomButton.swift */; };
		3C44AF4D2896CDFD00E850C2 /* FollowerListVC.swift in Sources */ = {isa = PBXBuildFile; fileRef = 3C44AF4C2896CDFD00E850C2 /* FollowerListVC.swift */; };
		3C44AF4F2896D6D100E850C2 /* CustomLabel.swift in Sources */ = {isa = PBXBuildFile; fileRef = 3C44AF4E2896D6D100E850C2 /* CustomLabel.swift */; };
		3C44AF512896D87200E850C2 /* CustomBodyLabel.swift in Sources */ = {isa = PBXBuildFile; fileRef = 3C44AF502896D87200E850C2 /* CustomBodyLabel.swift */; };
		3C44AF532896DD6500E850C2 /* CustomAlertVC.swift in Sources */ = {isa = PBXBuildFile; fileRef = 3C44AF522896DD6500E850C2 /* CustomAlertVC.swift */; };
		3C44AF552896E0CD00E850C2 /* ViewController+Ext.swift in Sources */ = {isa = PBXBuildFile; fileRef = 3C44AF542896E0CD00E850C2 /* ViewController+Ext.swift */; };
		3C44AF5C289819B800E850C2 /* User.swift in Sources */ = {isa = PBXBuildFile; fileRef = 3C44AF5B289819B800E850C2 /* User.swift */; };
		3C44AF5E28981A0D00E850C2 /* Follower.swift in Sources */ = {isa = PBXBuildFile; fileRef = 3C44AF5D28981A0D00E850C2 /* Follower.swift */; };
		3C44AF61289822B400E850C2 /* NetworkManager.swift in Sources */ = {isa = PBXBuildFile; fileRef = 3C44AF60289822B400E850C2 /* NetworkManager.swift */; };
		3C44AF6428982AC300E850C2 /* ErrorMessage.swift in Sources */ = {isa = PBXBuildFile; fileRef = 3C44AF6328982AC300E850C2 /* ErrorMessage.swift */; };
		3C44AF6728A2AD6F00E850C2 /* FollowerCell.swift in Sources */ = {isa = PBXBuildFile; fileRef = 3C44AF6628A2AD6F00E850C2 /* FollowerCell.swift */; };
		3C44AF6928A2AE3500E850C2 /* CustomImageView.swift in Sources */ = {isa = PBXBuildFile; fileRef = 3C44AF6828A2AE3500E850C2 /* CustomImageView.swift */; };
		3C44AF6B28A7B7EF00E850C2 /* UIHelper.swift in Sources */ = {isa = PBXBuildFile; fileRef = 3C44AF6A28A7B7EF00E850C2 /* UIHelper.swift */; };
		3C44AF6D28A80C5E00E850C2 /* CustomEmptyView.swift in Sources */ = {isa = PBXBuildFile; fileRef = 3C44AF6C28A80C5E00E850C2 /* CustomEmptyView.swift */; };
		3C44AF6F28ABE8CF00E850C2 /* UserInfoVC.swift in Sources */ = {isa = PBXBuildFile; fileRef = 3C44AF6E28ABE8CF00E850C2 /* UserInfoVC.swift */; };
		3C44AF7128AD411D00E850C2 /* CustomSecondaryTitleLabel.swift in Sources */ = {isa = PBXBuildFile; fileRef = 3C44AF7028AD411D00E850C2 /* CustomSecondaryTitleLabel.swift */; };
		3C44AF7528AD43E300E850C2 /* CustomUserInfoHeaderVC.swift in Sources */ = {isa = PBXBuildFile; fileRef = 3C44AF7428AD43E300E850C2 /* CustomUserInfoHeaderVC.swift */; };
		3C44AF7728B28C6A00E850C2 /* CustomItemInfoView.swift in Sources */ = {isa = PBXBuildFile; fileRef = 3C44AF7628B28C6A00E850C2 /* CustomItemInfoView.swift */; };
		3C44AF7928B2900600E850C2 /* CustomItemInfoVC.swift in Sources */ = {isa = PBXBuildFile; fileRef = 3C44AF7828B2900600E850C2 /* CustomItemInfoVC.swift */; };
		3C44AF7B28B2941300E850C2 /* CustomRepoItemVC.swift in Sources */ = {isa = PBXBuildFile; fileRef = 3C44AF7A28B2941300E850C2 /* CustomRepoItemVC.swift */; };
		3C44AF7D28B2952100E850C2 /* CustomFollowerItemVC.swift in Sources */ = {isa = PBXBuildFile; fileRef = 3C44AF7C28B2952100E850C2 /* CustomFollowerItemVC.swift */; };
		3C44AF8228B2A02700E850C2 /* Date+Ext.swift in Sources */ = {isa = PBXBuildFile; fileRef = 3C44AF8128B2A02700E850C2 /* Date+Ext.swift */; };
		3C44AF8428B53C0700E850C2 /* PersistnenceManager.swift in Sources */ = {isa = PBXBuildFile; fileRef = 3C44AF8328B53C0700E850C2 /* PersistnenceManager.swift */; };
		3CB6CF3A28B7C6B30073D9AD /* FavoriteCell.swift in Sources */ = {isa = PBXBuildFile; fileRef = 3CB6CF3928B7C6B30073D9AD /* FavoriteCell.swift */; };
		3CB6CF3D28B7D5420073D9AD /* CustomTabBarController.swift in Sources */ = {isa = PBXBuildFile; fileRef = 3CB6CF3C28B7D5420073D9AD /* CustomTabBarController.swift */; };
		3CB6CF3F28B9D50E0073D9AD /* Constants.swift in Sources */ = {isa = PBXBuildFile; fileRef = 3CB6CF3E28B9D50E0073D9AD /* Constants.swift */; };
		3CB6CF4128BA6CCE0073D9AD /* CustomAlertView.swift in Sources */ = {isa = PBXBuildFile; fileRef = 3CB6CF4028BA6CCE0073D9AD /* CustomAlertView.swift */; };
		3CB6CF4328BA70780073D9AD /* CustomLoadingViewController.swift in Sources */ = {isa = PBXBuildFile; fileRef = 3CB6CF4228BA70780073D9AD /* CustomLoadingViewController.swift */; };
		3CB6CF4528BA77870073D9AD /* View+Ext.swift in Sources */ = {isa = PBXBuildFile; fileRef = 3CB6CF4428BA77870073D9AD /* View+Ext.swift */; };
		3CB6CF4728BA7CAB0073D9AD /* UITableView + Ext.swift in Sources */ = {isa = PBXBuildFile; fileRef = 3CB6CF4628BA7CAB0073D9AD /* UITableView + Ext.swift */; };
		75F33542175711C8270CE43B /* Pods_GitHubFollowers.framework in Frameworks */ = {isa = PBXBuildFile; fileRef = 591621835D9D098F349585A3 /* Pods_GitHubFollowers.framework */; };
		F2E043CA29136A8000BA5CD4 /* UserInfoView.swift in Sources */ = {isa = PBXBuildFile; fileRef = F2E043C929136A8000BA5CD4 /* UserInfoView.swift */; };
/* End PBXBuildFile section */

/* Begin PBXFileReference section */
		3C31734028CE3CD300E7B776 /* SearchView.swift */ = {isa = PBXFileReference; lastKnownFileType = sourcecode.swift; path = SearchView.swift; sourceTree = "<group>"; };
		3C31734328D6272600E7B776 /* FavoriteView.swift */ = {isa = PBXFileReference; lastKnownFileType = sourcecode.swift; path = FavoriteView.swift; sourceTree = "<group>"; };
		3C31734628D628F800E7B776 /* FollowerListView.swift */ = {isa = PBXFileReference; lastKnownFileType = sourcecode.swift; path = FollowerListView.swift; sourceTree = "<group>"; };
		3C44AF2D28954C4600E850C2 /* GitHubFollowers.app */ = {isa = PBXFileReference; explicitFileType = wrapper.application; includeInIndex = 0; path = GitHubFollowers.app; sourceTree = BUILT_PRODUCTS_DIR; };
		3C44AF3028954C4600E850C2 /* AppDelegate.swift */ = {isa = PBXFileReference; lastKnownFileType = sourcecode.swift; path = AppDelegate.swift; sourceTree = "<group>"; };
		3C44AF3228954C4600E850C2 /* SceneDelegate.swift */ = {isa = PBXFileReference; lastKnownFileType = sourcecode.swift; path = SceneDelegate.swift; sourceTree = "<group>"; };
		3C44AF3928954C4700E850C2 /* Assets.xcassets */ = {isa = PBXFileReference; lastKnownFileType = folder.assetcatalog; path = Assets.xcassets; sourceTree = "<group>"; };
		3C44AF3C28954C4700E850C2 /* Base */ = {isa = PBXFileReference; lastKnownFileType = file.storyboard; name = Base; path = Base.lproj/LaunchScreen.storyboard; sourceTree = "<group>"; };
		3C44AF3E28954C4700E850C2 /* Info.plist */ = {isa = PBXFileReference; lastKnownFileType = text.plist.xml; path = Info.plist; sourceTree = "<group>"; };
		3C44AF44289553B400E850C2 /* SearchVC.swift */ = {isa = PBXFileReference; lastKnownFileType = sourcecode.swift; path = SearchVC.swift; sourceTree = "<group>"; };
		3C44AF46289553E600E850C2 /* FavoriteVC.swift */ = {isa = PBXFileReference; lastKnownFileType = sourcecode.swift; path = FavoriteVC.swift; sourceTree = "<group>"; };
		3C44AF4828958E7D00E850C2 /* CustomTextField.swift */ = {isa = PBXFileReference; lastKnownFileType = sourcecode.swift; path = CustomTextField.swift; sourceTree = "<group>"; };
		3C44AF4A28958F5400E850C2 /* CustomButton.swift */ = {isa = PBXFileReference; lastKnownFileType = sourcecode.swift; path = CustomButton.swift; sourceTree = "<group>"; };
		3C44AF4C2896CDFD00E850C2 /* FollowerListVC.swift */ = {isa = PBXFileReference; lastKnownFileType = sourcecode.swift; path = FollowerListVC.swift; sourceTree = "<group>"; };
		3C44AF4E2896D6D100E850C2 /* CustomLabel.swift */ = {isa = PBXFileReference; lastKnownFileType = sourcecode.swift; path = CustomLabel.swift; sourceTree = "<group>"; };
		3C44AF502896D87200E850C2 /* CustomBodyLabel.swift */ = {isa = PBXFileReference; lastKnownFileType = sourcecode.swift; path = CustomBodyLabel.swift; sourceTree = "<group>"; };
		3C44AF522896DD6500E850C2 /* CustomAlertVC.swift */ = {isa = PBXFileReference; lastKnownFileType = sourcecode.swift; path = CustomAlertVC.swift; sourceTree = "<group>"; };
		3C44AF542896E0CD00E850C2 /* ViewController+Ext.swift */ = {isa = PBXFileReference; lastKnownFileType = sourcecode.swift; path = "ViewController+Ext.swift"; sourceTree = "<group>"; };
		3C44AF5B289819B800E850C2 /* User.swift */ = {isa = PBXFileReference; lastKnownFileType = sourcecode.swift; path = User.swift; sourceTree = "<group>"; };
		3C44AF5D28981A0D00E850C2 /* Follower.swift */ = {isa = PBXFileReference; lastKnownFileType = sourcecode.swift; path = Follower.swift; sourceTree = "<group>"; };
		3C44AF60289822B400E850C2 /* NetworkManager.swift */ = {isa = PBXFileReference; lastKnownFileType = sourcecode.swift; path = NetworkManager.swift; sourceTree = "<group>"; };
		3C44AF6328982AC300E850C2 /* ErrorMessage.swift */ = {isa = PBXFileReference; lastKnownFileType = sourcecode.swift; path = ErrorMessage.swift; sourceTree = "<group>"; };
		3C44AF6628A2AD6F00E850C2 /* FollowerCell.swift */ = {isa = PBXFileReference; lastKnownFileType = sourcecode.swift; path = FollowerCell.swift; sourceTree = "<group>"; };
		3C44AF6828A2AE3500E850C2 /* CustomImageView.swift */ = {isa = PBXFileReference; lastKnownFileType = sourcecode.swift; path = CustomImageView.swift; sourceTree = "<group>"; };
		3C44AF6A28A7B7EF00E850C2 /* UIHelper.swift */ = {isa = PBXFileReference; lastKnownFileType = sourcecode.swift; path = UIHelper.swift; sourceTree = "<group>"; };
		3C44AF6C28A80C5E00E850C2 /* CustomEmptyView.swift */ = {isa = PBXFileReference; lastKnownFileType = sourcecode.swift; path = CustomEmptyView.swift; sourceTree = "<group>"; };
		3C44AF6E28ABE8CF00E850C2 /* UserInfoVC.swift */ = {isa = PBXFileReference; lastKnownFileType = sourcecode.swift; path = UserInfoVC.swift; sourceTree = "<group>"; };
		3C44AF7028AD411D00E850C2 /* CustomSecondaryTitleLabel.swift */ = {isa = PBXFileReference; lastKnownFileType = sourcecode.swift; path = CustomSecondaryTitleLabel.swift; sourceTree = "<group>"; };
		3C44AF7428AD43E300E850C2 /* CustomUserInfoHeaderVC.swift */ = {isa = PBXFileReference; lastKnownFileType = sourcecode.swift; path = CustomUserInfoHeaderVC.swift; sourceTree = "<group>"; };
		3C44AF7628B28C6A00E850C2 /* CustomItemInfoView.swift */ = {isa = PBXFileReference; lastKnownFileType = sourcecode.swift; path = CustomItemInfoView.swift; sourceTree = "<group>"; };
		3C44AF7828B2900600E850C2 /* CustomItemInfoVC.swift */ = {isa = PBXFileReference; lastKnownFileType = sourcecode.swift; path = CustomItemInfoVC.swift; sourceTree = "<group>"; };
		3C44AF7A28B2941300E850C2 /* CustomRepoItemVC.swift */ = {isa = PBXFileReference; lastKnownFileType = sourcecode.swift; path = CustomRepoItemVC.swift; sourceTree = "<group>"; };
		3C44AF7C28B2952100E850C2 /* CustomFollowerItemVC.swift */ = {isa = PBXFileReference; lastKnownFileType = sourcecode.swift; path = CustomFollowerItemVC.swift; sourceTree = "<group>"; };
		3C44AF8128B2A02700E850C2 /* Date+Ext.swift */ = {isa = PBXFileReference; lastKnownFileType = sourcecode.swift; path = "Date+Ext.swift"; sourceTree = "<group>"; };
		3C44AF8328B53C0700E850C2 /* PersistnenceManager.swift */ = {isa = PBXFileReference; lastKnownFileType = sourcecode.swift; path = PersistnenceManager.swift; sourceTree = "<group>"; };
		3CB6CF3928B7C6B30073D9AD /* FavoriteCell.swift */ = {isa = PBXFileReference; lastKnownFileType = sourcecode.swift; path = FavoriteCell.swift; sourceTree = "<group>"; };
		3CB6CF3C28B7D5420073D9AD /* CustomTabBarController.swift */ = {isa = PBXFileReference; lastKnownFileType = sourcecode.swift; path = CustomTabBarController.swift; sourceTree = "<group>"; };
		3CB6CF3E28B9D50E0073D9AD /* Constants.swift */ = {isa = PBXFileReference; lastKnownFileType = sourcecode.swift; path = Constants.swift; sourceTree = "<group>"; };
		3CB6CF4028BA6CCE0073D9AD /* CustomAlertView.swift */ = {isa = PBXFileReference; lastKnownFileType = sourcecode.swift; path = CustomAlertView.swift; sourceTree = "<group>"; };
		3CB6CF4228BA70780073D9AD /* CustomLoadingViewController.swift */ = {isa = PBXFileReference; lastKnownFileType = sourcecode.swift; path = CustomLoadingViewController.swift; sourceTree = "<group>"; };
		3CB6CF4428BA77870073D9AD /* View+Ext.swift */ = {isa = PBXFileReference; lastKnownFileType = sourcecode.swift; path = "View+Ext.swift"; sourceTree = "<group>"; };
		3CB6CF4628BA7CAB0073D9AD /* UITableView + Ext.swift */ = {isa = PBXFileReference; lastKnownFileType = sourcecode.swift; path = "UITableView + Ext.swift"; sourceTree = "<group>"; };
		591621835D9D098F349585A3 /* Pods_GitHubFollowers.framework */ = {isa = PBXFileReference; explicitFileType = wrapper.framework; includeInIndex = 0; path = Pods_GitHubFollowers.framework; sourceTree = BUILT_PRODUCTS_DIR; };
		59674DFD608EB7CBDD7CFB50 /* Pods-GitHubFollowers.release.xcconfig */ = {isa = PBXFileReference; includeInIndex = 1; lastKnownFileType = text.xcconfig; name = "Pods-GitHubFollowers.release.xcconfig"; path = "Target Support Files/Pods-GitHubFollowers/Pods-GitHubFollowers.release.xcconfig"; sourceTree = "<group>"; };
		A7FD459B5EFD7D7C0CAB4D7C /* Pods-GitHubFollowers.debug.xcconfig */ = {isa = PBXFileReference; includeInIndex = 1; lastKnownFileType = text.xcconfig; name = "Pods-GitHubFollowers.debug.xcconfig"; path = "Target Support Files/Pods-GitHubFollowers/Pods-GitHubFollowers.debug.xcconfig"; sourceTree = "<group>"; };
		F2E043C929136A8000BA5CD4 /* UserInfoView.swift */ = {isa = PBXFileReference; lastKnownFileType = sourcecode.swift; path = UserInfoView.swift; sourceTree = "<group>"; };
/* End PBXFileReference section */

/* Begin PBXFrameworksBuildPhase section */
		3C44AF2A28954C4600E850C2 /* Frameworks */ = {
			isa = PBXFrameworksBuildPhase;
			buildActionMask = 2147483647;
			files = (
				75F33542175711C8270CE43B /* Pods_GitHubFollowers.framework in Frameworks */,
			);
			runOnlyForDeploymentPostprocessing = 0;
		};
/* End PBXFrameworksBuildPhase section */

/* Begin PBXGroup section */
		239570AC5A131AB22A28D9D7 /* Frameworks */ = {
			isa = PBXGroup;
			children = (
				591621835D9D098F349585A3 /* Pods_GitHubFollowers.framework */,
			);
			name = Frameworks;
			sourceTree = "<group>";
		};
		3C31733F28CE3CB500E7B776 /* Search */ = {
			isa = PBXGroup;
			children = (
				3C31734028CE3CD300E7B776 /* SearchView.swift */,
				3C44AF44289553B400E850C2 /* SearchVC.swift */,
			);
			path = Search;
			sourceTree = "<group>";
		};
		3C31734228D6270F00E7B776 /* Favorite */ = {
			isa = PBXGroup;
			children = (
				3C31734928D62E3800E7B776 /* Cell */,
				3C31734328D6272600E7B776 /* FavoriteView.swift */,
				3C44AF46289553E600E850C2 /* FavoriteVC.swift */,
			);
			path = Favorite;
			sourceTree = "<group>";
		};
		3C31734528D628E200E7B776 /* FollowerList */ = {
			isa = PBXGroup;
			children = (
				3C31734828D62E1700E7B776 /* Cell */,
				3C31734628D628F800E7B776 /* FollowerListView.swift */,
				3C44AF4C2896CDFD00E850C2 /* FollowerListVC.swift */,
			);
			path = FollowerList;
			sourceTree = "<group>";
		};
		3C31734828D62E1700E7B776 /* Cell */ = {
			isa = PBXGroup;
			children = (
				3C44AF6628A2AD6F00E850C2 /* FollowerCell.swift */,
			);
			path = Cell;
			sourceTree = "<group>";
		};
		3C31734928D62E3800E7B776 /* Cell */ = {
			isa = PBXGroup;
			children = (
				3CB6CF3928B7C6B30073D9AD /* FavoriteCell.swift */,
			);
			path = Cell;
			sourceTree = "<group>";
		};
		3C44AF2428954C4600E850C2 = {
			isa = PBXGroup;
			children = (
				3C44AF2F28954C4600E850C2 /* GitHubFollowers */,
				3C44AF2E28954C4600E850C2 /* Products */,
				68010BCCB51BD4F416380508 /* Pods */,
				239570AC5A131AB22A28D9D7 /* Frameworks */,
			);
			sourceTree = "<group>";
		};
		3C44AF2E28954C4600E850C2 /* Products */ = {
			isa = PBXGroup;
			children = (
				3C44AF2D28954C4600E850C2 /* GitHubFollowers.app */,
			);
			name = Products;
			sourceTree = "<group>";
		};
		3C44AF2F28954C4600E850C2 /* GitHubFollowers */ = {
			isa = PBXGroup;
			children = (
				3C44AF6228982AB700E850C2 /* Util */,
				3C44AF5F289822A700E850C2 /* Manager */,
				3C44AF5A289819AA00E850C2 /* Model */,
				3C44AF592898195500E850C2 /* Supports */,
				3C44AF582898193B00E850C2 /* Screens */,
				3C44AF572898190B00E850C2 /* Custom Views */,
				3C44AF56289818FB00E850C2 /* Extensions */,
				3C44AF3028954C4600E850C2 /* AppDelegate.swift */,
				3C44AF3228954C4600E850C2 /* SceneDelegate.swift */,
				3C44AF3E28954C4700E850C2 /* Info.plist */,
			);
			path = GitHubFollowers;
			sourceTree = "<group>";
		};
		3C44AF56289818FB00E850C2 /* Extensions */ = {
			isa = PBXGroup;
			children = (
				3C44AF542896E0CD00E850C2 /* ViewController+Ext.swift */,
				3C44AF8128B2A02700E850C2 /* Date+Ext.swift */,
				3CB6CF4428BA77870073D9AD /* View+Ext.swift */,
				3CB6CF4628BA7CAB0073D9AD /* UITableView + Ext.swift */,
			);
			path = Extensions;
			sourceTree = "<group>";
		};
		3C44AF572898190B00E850C2 /* Custom Views */ = {
			isa = PBXGroup;
			children = (
				3CB6CF3B28B7D4DE0073D9AD /* TabBarControllers */,
				3C44AF4E2896D6D100E850C2 /* CustomLabel.swift */,
				3C44AF4828958E7D00E850C2 /* CustomTextField.swift */,
				3C44AF4A28958F5400E850C2 /* CustomButton.swift */,
				3C44AF502896D87200E850C2 /* CustomBodyLabel.swift */,
				3C44AF522896DD6500E850C2 /* CustomAlertVC.swift */,
				3C44AF6828A2AE3500E850C2 /* CustomImageView.swift */,
				3C44AF6C28A80C5E00E850C2 /* CustomEmptyView.swift */,
				3C44AF7028AD411D00E850C2 /* CustomSecondaryTitleLabel.swift */,
				3C44AF7628B28C6A00E850C2 /* CustomItemInfoView.swift */,
				3CB6CF4028BA6CCE0073D9AD /* CustomAlertView.swift */,
				3CB6CF4228BA70780073D9AD /* CustomLoadingViewController.swift */,
			);
			path = "Custom Views";
			sourceTree = "<group>";
		};
		3C44AF582898193B00E850C2 /* Screens */ = {
			isa = PBXGroup;
			children = (
				F2E043C829136A6100BA5CD4 /* UserDetail */,
				3C31734528D628E200E7B776 /* FollowerList */,
				3C31734228D6270F00E7B776 /* Favorite */,
				3C31733F28CE3CB500E7B776 /* Search */,
				3C44AF7E28B2957A00E850C2 /* ItemInfoVC */,
			);
			path = Screens;
			sourceTree = "<group>";
		};
		3C44AF592898195500E850C2 /* Supports */ = {
			isa = PBXGroup;
			children = (
				3C44AF3928954C4700E850C2 /* Assets.xcassets */,
				3C44AF3B28954C4700E850C2 /* LaunchScreen.storyboard */,
			);
			path = Supports;
			sourceTree = "<group>";
		};
		3C44AF5A289819AA00E850C2 /* Model */ = {
			isa = PBXGroup;
			children = (
				3C44AF5B289819B800E850C2 /* User.swift */,
				3C44AF5D28981A0D00E850C2 /* Follower.swift */,
			);
			path = Model;
			sourceTree = "<group>";
		};
		3C44AF5F289822A700E850C2 /* Manager */ = {
			isa = PBXGroup;
			children = (
				3C44AF60289822B400E850C2 /* NetworkManager.swift */,
				3C44AF8328B53C0700E850C2 /* PersistnenceManager.swift */,
			);
			path = Manager;
			sourceTree = "<group>";
		};
		3C44AF6228982AB700E850C2 /* Util */ = {
			isa = PBXGroup;
			children = (
				3C44AF6328982AC300E850C2 /* ErrorMessage.swift */,
				3C44AF6A28A7B7EF00E850C2 /* UIHelper.swift */,
				3CB6CF3E28B9D50E0073D9AD /* Constants.swift */,
			);
			path = Util;
			sourceTree = "<group>";
		};
		3C44AF7E28B2957A00E850C2 /* ItemInfoVC */ = {
			isa = PBXGroup;
			children = (
				3C44AF7828B2900600E850C2 /* CustomItemInfoVC.swift */,
				3C44AF7A28B2941300E850C2 /* CustomRepoItemVC.swift */,
				3C44AF7C28B2952100E850C2 /* CustomFollowerItemVC.swift */,
			);
			path = ItemInfoVC;
			sourceTree = "<group>";
		};
		3CB6CF3B28B7D4DE0073D9AD /* TabBarControllers */ = {
			isa = PBXGroup;
			children = (
				3CB6CF3C28B7D5420073D9AD /* CustomTabBarController.swift */,
			);
			path = TabBarControllers;
			sourceTree = "<group>";
		};
		68010BCCB51BD4F416380508 /* Pods */ = {
			isa = PBXGroup;
			children = (
				A7FD459B5EFD7D7C0CAB4D7C /* Pods-GitHubFollowers.debug.xcconfig */,
				59674DFD608EB7CBDD7CFB50 /* Pods-GitHubFollowers.release.xcconfig */,
			);
			path = Pods;
			sourceTree = "<group>";
		};
		F2E043C829136A6100BA5CD4 /* UserDetail */ = {
			isa = PBXGroup;
			children = (
				3C44AF6E28ABE8CF00E850C2 /* UserInfoVC.swift */,
				3C44AF7428AD43E300E850C2 /* CustomUserInfoHeaderVC.swift */,
				F2E043C929136A8000BA5CD4 /* UserInfoView.swift */,
			);
			path = UserDetail;
			sourceTree = "<group>";
		};
/* End PBXGroup section */

/* Begin PBXNativeTarget section */
		3C44AF2C28954C4600E850C2 /* GitHubFollowers */ = {
			isa = PBXNativeTarget;
			buildConfigurationList = 3C44AF4128954C4700E850C2 /* Build configuration list for PBXNativeTarget "GitHubFollowers" */;
			buildPhases = (
				18AE0320F130E67AF97C5C10 /* [CP] Check Pods Manifest.lock */,
				3C44AF2928954C4600E850C2 /* Sources */,
				3C44AF2A28954C4600E850C2 /* Frameworks */,
				3C44AF2B28954C4600E850C2 /* Resources */,
				5C8CAC14A1AA66A048537D0F /* [CP] Embed Pods Frameworks */,
			);
			buildRules = (
			);
			dependencies = (
			);
			name = GitHubFollowers;
			productName = GitHubFollowers;
			productReference = 3C44AF2D28954C4600E850C2 /* GitHubFollowers.app */;
			productType = "com.apple.product-type.application";
		};
/* End PBXNativeTarget section */

/* Begin PBXProject section */
		3C44AF2528954C4600E850C2 /* Project object */ = {
			isa = PBXProject;
			attributes = {
				BuildIndependentTargetsInParallel = 1;
				LastSwiftUpdateCheck = 1300;
				LastUpgradeCheck = 1300;
				TargetAttributes = {
					3C44AF2C28954C4600E850C2 = {
						CreatedOnToolsVersion = 13.0;
					};
				};
			};
			buildConfigurationList = 3C44AF2828954C4600E850C2 /* Build configuration list for PBXProject "GitHubFollowers" */;
			compatibilityVersion = "Xcode 13.0";
			developmentRegion = en;
			hasScannedForEncodings = 0;
			knownRegions = (
				en,
				Base,
			);
			mainGroup = 3C44AF2428954C4600E850C2;
			productRefGroup = 3C44AF2E28954C4600E850C2 /* Products */;
			projectDirPath = "";
			projectRoot = "";
			targets = (
				3C44AF2C28954C4600E850C2 /* GitHubFollowers */,
			);
		};
/* End PBXProject section */

/* Begin PBXResourcesBuildPhase section */
		3C44AF2B28954C4600E850C2 /* Resources */ = {
			isa = PBXResourcesBuildPhase;
			buildActionMask = 2147483647;
			files = (
				3C44AF3D28954C4700E850C2 /* LaunchScreen.storyboard in Resources */,
				3C44AF3A28954C4700E850C2 /* Assets.xcassets in Resources */,
			);
			runOnlyForDeploymentPostprocessing = 0;
		};
/* End PBXResourcesBuildPhase section */

/* Begin PBXShellScriptBuildPhase section */
		18AE0320F130E67AF97C5C10 /* [CP] Check Pods Manifest.lock */ = {
			isa = PBXShellScriptBuildPhase;
			buildActionMask = 2147483647;
			files = (
			);
			inputFileListPaths = (
			);
			inputPaths = (
				"${PODS_PODFILE_DIR_PATH}/Podfile.lock",
				"${PODS_ROOT}/Manifest.lock",
			);
			name = "[CP] Check Pods Manifest.lock";
			outputFileListPaths = (
			);
			outputPaths = (
				"$(DERIVED_FILE_DIR)/Pods-GitHubFollowers-checkManifestLockResult.txt",
			);
			runOnlyForDeploymentPostprocessing = 0;
			shellPath = /bin/sh;
			shellScript = "diff \"${PODS_PODFILE_DIR_PATH}/Podfile.lock\" \"${PODS_ROOT}/Manifest.lock\" > /dev/null\nif [ $? != 0 ] ; then\n    # print error to STDERR\n    echo \"error: The sandbox is not in sync with the Podfile.lock. Run 'pod install' or update your CocoaPods installation.\" >&2\n    exit 1\nfi\n# This output is used by Xcode 'outputs' to avoid re-running this script phase.\necho \"SUCCESS\" > \"${SCRIPT_OUTPUT_FILE_0}\"\n";
			showEnvVarsInLog = 0;
		};
		5C8CAC14A1AA66A048537D0F /* [CP] Embed Pods Frameworks */ = {
			isa = PBXShellScriptBuildPhase;
			buildActionMask = 2147483647;
			files = (
			);
			inputFileListPaths = (
				"${PODS_ROOT}/Target Support Files/Pods-GitHubFollowers/Pods-GitHubFollowers-frameworks-${CONFIGURATION}-input-files.xcfilelist",
			);
			name = "[CP] Embed Pods Frameworks";
			outputFileListPaths = (
				"${PODS_ROOT}/Target Support Files/Pods-GitHubFollowers/Pods-GitHubFollowers-frameworks-${CONFIGURATION}-output-files.xcfilelist",
			);
			runOnlyForDeploymentPostprocessing = 0;
			shellPath = /bin/sh;
			shellScript = "\"${PODS_ROOT}/Target Support Files/Pods-GitHubFollowers/Pods-GitHubFollowers-frameworks.sh\"\n";
			showEnvVarsInLog = 0;
		};
/* End PBXShellScriptBuildPhase section */

/* Begin PBXSourcesBuildPhase section */
		3C44AF2928954C4600E850C2 /* Sources */ = {
			isa = PBXSourcesBuildPhase;
			buildActionMask = 2147483647;
			files = (
				3CB6CF4528BA77870073D9AD /* View+Ext.swift in Sources */,
				3C44AF45289553B400E850C2 /* SearchVC.swift in Sources */,
				3C44AF3128954C4600E850C2 /* AppDelegate.swift in Sources */,
				3C44AF7D28B2952100E850C2 /* CustomFollowerItemVC.swift in Sources */,
				3CB6CF3D28B7D5420073D9AD /* CustomTabBarController.swift in Sources */,
				3C44AF512896D87200E850C2 /* CustomBodyLabel.swift in Sources */,
				3C44AF4B28958F5400E850C2 /* CustomButton.swift in Sources */,
				3C44AF552896E0CD00E850C2 /* ViewController+Ext.swift in Sources */,
				3CB6CF4728BA7CAB0073D9AD /* UITableView + Ext.swift in Sources */,
				3CB6CF3F28B9D50E0073D9AD /* Constants.swift in Sources */,
				3C44AF6B28A7B7EF00E850C2 /* UIHelper.swift in Sources */,
				3C44AF7B28B2941300E850C2 /* CustomRepoItemVC.swift in Sources */,
				3C44AF8428B53C0700E850C2 /* PersistnenceManager.swift in Sources */,
				3C44AF3328954C4600E850C2 /* SceneDelegate.swift in Sources */,
				3C44AF6D28A80C5E00E850C2 /* CustomEmptyView.swift in Sources */,
				3C44AF7928B2900600E850C2 /* CustomItemInfoVC.swift in Sources */,
				3C44AF4D2896CDFD00E850C2 /* FollowerListVC.swift in Sources */,
				3C44AF6728A2AD6F00E850C2 /* FollowerCell.swift in Sources */,
				3C31734728D628F800E7B776 /* FollowerListView.swift in Sources */,
				3C44AF6428982AC300E850C2 /* ErrorMessage.swift in Sources */,
				3C44AF5E28981A0D00E850C2 /* Follower.swift in Sources */,
				3CB6CF4328BA70780073D9AD /* CustomLoadingViewController.swift in Sources */,
				3C44AF47289553E600E850C2 /* FavoriteVC.swift in Sources */,
				3C44AF7728B28C6A00E850C2 /* CustomItemInfoView.swift in Sources */,
				3C44AF5C289819B800E850C2 /* User.swift in Sources */,
				3C44AF8228B2A02700E850C2 /* Date+Ext.swift in Sources */,
				3C44AF61289822B400E850C2 /* NetworkManager.swift in Sources */,
				3CB6CF4128BA6CCE0073D9AD /* CustomAlertView.swift in Sources */,
				3C44AF7528AD43E300E850C2 /* CustomUserInfoHeaderVC.swift in Sources */,
				3C31734128CE3CD300E7B776 /* SearchView.swift in Sources */,
				3C44AF4928958E7D00E850C2 /* CustomTextField.swift in Sources */,
				3C44AF532896DD6500E850C2 /* CustomAlertVC.swift in Sources */,
				3C44AF6928A2AE3500E850C2 /* CustomImageView.swift in Sources */,
				3C44AF4F2896D6D100E850C2 /* CustomLabel.swift in Sources */,
				F2E043CA29136A8000BA5CD4 /* UserInfoView.swift in Sources */,
				3C31734428D6272600E7B776 /* FavoriteView.swift in Sources */,
				3CB6CF3A28B7C6B30073D9AD /* FavoriteCell.swift in Sources */,
				3C44AF7128AD411D00E850C2 /* CustomSecondaryTitleLabel.swift in Sources */,
				3C44AF6F28ABE8CF00E850C2 /* UserInfoVC.swift in Sources */,
			);
			runOnlyForDeploymentPostprocessing = 0;
		};
/* End PBXSourcesBuildPhase section */

/* Begin PBXVariantGroup section */
		3C44AF3B28954C4700E850C2 /* LaunchScreen.storyboard */ = {
			isa = PBXVariantGroup;
			children = (
				3C44AF3C28954C4700E850C2 /* Base */,
			);
			name = LaunchScreen.storyboard;
			sourceTree = "<group>";
		};
/* End PBXVariantGroup section */

/* Begin XCBuildConfiguration section */
		3C44AF3F28954C4700E850C2 /* Debug */ = {
			isa = XCBuildConfiguration;
			buildSettings = {
				ALWAYS_SEARCH_USER_PATHS = NO;
				CLANG_ANALYZER_NONNULL = YES;
				CLANG_ANALYZER_NUMBER_OBJECT_CONVERSION = YES_AGGRESSIVE;
				CLANG_CXX_LANGUAGE_STANDARD = "gnu++17";
				CLANG_CXX_LIBRARY = "libc++";
				CLANG_ENABLE_MODULES = YES;
				CLANG_ENABLE_OBJC_ARC = YES;
				CLANG_ENABLE_OBJC_WEAK = YES;
				CLANG_WARN_BLOCK_CAPTURE_AUTORELEASING = YES;
				CLANG_WARN_BOOL_CONVERSION = YES;
				CLANG_WARN_COMMA = YES;
				CLANG_WARN_CONSTANT_CONVERSION = YES;
				CLANG_WARN_DEPRECATED_OBJC_IMPLEMENTATIONS = YES;
				CLANG_WARN_DIRECT_OBJC_ISA_USAGE = YES_ERROR;
				CLANG_WARN_DOCUMENTATION_COMMENTS = YES;
				CLANG_WARN_EMPTY_BODY = YES;
				CLANG_WARN_ENUM_CONVERSION = YES;
				CLANG_WARN_INFINITE_RECURSION = YES;
				CLANG_WARN_INT_CONVERSION = YES;
				CLANG_WARN_NON_LITERAL_NULL_CONVERSION = YES;
				CLANG_WARN_OBJC_IMPLICIT_RETAIN_SELF = YES;
				CLANG_WARN_OBJC_LITERAL_CONVERSION = YES;
				CLANG_WARN_OBJC_ROOT_CLASS = YES_ERROR;
				CLANG_WARN_QUOTED_INCLUDE_IN_FRAMEWORK_HEADER = YES;
				CLANG_WARN_RANGE_LOOP_ANALYSIS = YES;
				CLANG_WARN_STRICT_PROTOTYPES = YES;
				CLANG_WARN_SUSPICIOUS_MOVE = YES;
				CLANG_WARN_UNGUARDED_AVAILABILITY = YES_AGGRESSIVE;
				CLANG_WARN_UNREACHABLE_CODE = YES;
				CLANG_WARN__DUPLICATE_METHOD_MATCH = YES;
				COPY_PHASE_STRIP = NO;
				DEBUG_INFORMATION_FORMAT = dwarf;
				ENABLE_STRICT_OBJC_MSGSEND = YES;
				ENABLE_TESTABILITY = YES;
				GCC_C_LANGUAGE_STANDARD = gnu11;
				GCC_DYNAMIC_NO_PIC = NO;
				GCC_NO_COMMON_BLOCKS = YES;
				GCC_OPTIMIZATION_LEVEL = 0;
				GCC_PREPROCESSOR_DEFINITIONS = (
					"DEBUG=1",
					"$(inherited)",
				);
				GCC_WARN_64_TO_32_BIT_CONVERSION = YES;
				GCC_WARN_ABOUT_RETURN_TYPE = YES_ERROR;
				GCC_WARN_UNDECLARED_SELECTOR = YES;
				GCC_WARN_UNINITIALIZED_AUTOS = YES_AGGRESSIVE;
				GCC_WARN_UNUSED_FUNCTION = YES;
				GCC_WARN_UNUSED_VARIABLE = YES;
				IPHONEOS_DEPLOYMENT_TARGET = 15.0;
				MTL_ENABLE_DEBUG_INFO = INCLUDE_SOURCE;
				MTL_FAST_MATH = YES;
				ONLY_ACTIVE_ARCH = YES;
				SDKROOT = iphoneos;
				SWIFT_ACTIVE_COMPILATION_CONDITIONS = DEBUG;
				SWIFT_OPTIMIZATION_LEVEL = "-Onone";
			};
			name = Debug;
		};
		3C44AF4028954C4700E850C2 /* Release */ = {
			isa = XCBuildConfiguration;
			buildSettings = {
				ALWAYS_SEARCH_USER_PATHS = NO;
				CLANG_ANALYZER_NONNULL = YES;
				CLANG_ANALYZER_NUMBER_OBJECT_CONVERSION = YES_AGGRESSIVE;
				CLANG_CXX_LANGUAGE_STANDARD = "gnu++17";
				CLANG_CXX_LIBRARY = "libc++";
				CLANG_ENABLE_MODULES = YES;
				CLANG_ENABLE_OBJC_ARC = YES;
				CLANG_ENABLE_OBJC_WEAK = YES;
				CLANG_WARN_BLOCK_CAPTURE_AUTORELEASING = YES;
				CLANG_WARN_BOOL_CONVERSION = YES;
				CLANG_WARN_COMMA = YES;
				CLANG_WARN_CONSTANT_CONVERSION = YES;
				CLANG_WARN_DEPRECATED_OBJC_IMPLEMENTATIONS = YES;
				CLANG_WARN_DIRECT_OBJC_ISA_USAGE = YES_ERROR;
				CLANG_WARN_DOCUMENTATION_COMMENTS = YES;
				CLANG_WARN_EMPTY_BODY = YES;
				CLANG_WARN_ENUM_CONVERSION = YES;
				CLANG_WARN_INFINITE_RECURSION = YES;
				CLANG_WARN_INT_CONVERSION = YES;
				CLANG_WARN_NON_LITERAL_NULL_CONVERSION = YES;
				CLANG_WARN_OBJC_IMPLICIT_RETAIN_SELF = YES;
				CLANG_WARN_OBJC_LITERAL_CONVERSION = YES;
				CLANG_WARN_OBJC_ROOT_CLASS = YES_ERROR;
				CLANG_WARN_QUOTED_INCLUDE_IN_FRAMEWORK_HEADER = YES;
				CLANG_WARN_RANGE_LOOP_ANALYSIS = YES;
				CLANG_WARN_STRICT_PROTOTYPES = YES;
				CLANG_WARN_SUSPICIOUS_MOVE = YES;
				CLANG_WARN_UNGUARDED_AVAILABILITY = YES_AGGRESSIVE;
				CLANG_WARN_UNREACHABLE_CODE = YES;
				CLANG_WARN__DUPLICATE_METHOD_MATCH = YES;
				COPY_PHASE_STRIP = NO;
				DEBUG_INFORMATION_FORMAT = "dwarf-with-dsym";
				ENABLE_NS_ASSERTIONS = NO;
				ENABLE_STRICT_OBJC_MSGSEND = YES;
				GCC_C_LANGUAGE_STANDARD = gnu11;
				GCC_NO_COMMON_BLOCKS = YES;
				GCC_WARN_64_TO_32_BIT_CONVERSION = YES;
				GCC_WARN_ABOUT_RETURN_TYPE = YES_ERROR;
				GCC_WARN_UNDECLARED_SELECTOR = YES;
				GCC_WARN_UNINITIALIZED_AUTOS = YES_AGGRESSIVE;
				GCC_WARN_UNUSED_FUNCTION = YES;
				GCC_WARN_UNUSED_VARIABLE = YES;
				IPHONEOS_DEPLOYMENT_TARGET = 15.0;
				MTL_ENABLE_DEBUG_INFO = NO;
				MTL_FAST_MATH = YES;
				SDKROOT = iphoneos;
				SWIFT_COMPILATION_MODE = wholemodule;
				SWIFT_OPTIMIZATION_LEVEL = "-O";
				VALIDATE_PRODUCT = YES;
			};
			name = Release;
		};
		3C44AF4228954C4700E850C2 /* Debug */ = {
			isa = XCBuildConfiguration;
			baseConfigurationReference = A7FD459B5EFD7D7C0CAB4D7C /* Pods-GitHubFollowers.debug.xcconfig */;
			buildSettings = {
				ASSETCATALOG_COMPILER_APPICON_NAME = AppIcon;
				ASSETCATALOG_COMPILER_GLOBAL_ACCENT_COLOR_NAME = AccentColor;
				CODE_SIGN_STYLE = Automatic;
				CURRENT_PROJECT_VERSION = 1;
				DEVELOPMENT_TEAM = YP4N4TF2DU;
				GENERATE_INFOPLIST_FILE = YES;
				INFOPLIST_FILE = GitHubFollowers/Info.plist;
				INFOPLIST_KEY_UIApplicationSupportsIndirectInputEvents = YES;
				INFOPLIST_KEY_UILaunchStoryboardName = LaunchScreen;
				INFOPLIST_KEY_UISupportedInterfaceOrientations_iPad = "UIInterfaceOrientationPortrait UIInterfaceOrientationPortraitUpsideDown UIInterfaceOrientationLandscapeLeft UIInterfaceOrientationLandscapeRight";
				INFOPLIST_KEY_UISupportedInterfaceOrientations_iPhone = "UIInterfaceOrientationPortrait UIInterfaceOrientationLandscapeLeft UIInterfaceOrientationLandscapeRight";
				LD_RUNPATH_SEARCH_PATHS = (
					"$(inherited)",
					"@executable_path/Frameworks",
				);
				MARKETING_VERSION = 1.0;
				PRODUCT_BUNDLE_IDENTIFIER = test.GitHubFollowers;
				PRODUCT_NAME = "$(TARGET_NAME)";
				SWIFT_EMIT_LOC_STRINGS = YES;
				SWIFT_VERSION = 5.0;
				TARGETED_DEVICE_FAMILY = "1,2";
			};
			name = Debug;
		};
		3C44AF4328954C4700E850C2 /* Release */ = {
			isa = XCBuildConfiguration;
			baseConfigurationReference = 59674DFD608EB7CBDD7CFB50 /* Pods-GitHubFollowers.release.xcconfig */;
			buildSettings = {
				ASSETCATALOG_COMPILER_APPICON_NAME = AppIcon;
				ASSETCATALOG_COMPILER_GLOBAL_ACCENT_COLOR_NAME = AccentColor;
				CODE_SIGN_STYLE = Automatic;
				CURRENT_PROJECT_VERSION = 1;
				DEVELOPMENT_TEAM = YP4N4TF2DU;
				GENERATE_INFOPLIST_FILE = YES;
				INFOPLIST_FILE = GitHubFollowers/Info.plist;
				INFOPLIST_KEY_UIApplicationSupportsIndirectInputEvents = YES;
				INFOPLIST_KEY_UILaunchStoryboardName = LaunchScreen;
				INFOPLIST_KEY_UISupportedInterfaceOrientations_iPad = "UIInterfaceOrientationPortrait UIInterfaceOrientationPortraitUpsideDown UIInterfaceOrientationLandscapeLeft UIInterfaceOrientationLandscapeRight";
				INFOPLIST_KEY_UISupportedInterfaceOrientations_iPhone = "UIInterfaceOrientationPortrait UIInterfaceOrientationLandscapeLeft UIInterfaceOrientationLandscapeRight";
				LD_RUNPATH_SEARCH_PATHS = (
					"$(inherited)",
					"@executable_path/Frameworks",
				);
				MARKETING_VERSION = 1.0;
				PRODUCT_BUNDLE_IDENTIFIER = test.GitHubFollowers;
				PRODUCT_NAME = "$(TARGET_NAME)";
				SWIFT_EMIT_LOC_STRINGS = YES;
				SWIFT_VERSION = 5.0;
				TARGETED_DEVICE_FAMILY = "1,2";
			};
			name = Release;
		};
/* End XCBuildConfiguration section */

/* Begin XCConfigurationList section */
		3C44AF2828954C4600E850C2 /* Build configuration list for PBXProject "GitHubFollowers" */ = {
			isa = XCConfigurationList;
			buildConfigurations = (
				3C44AF3F28954C4700E850C2 /* Debug */,
				3C44AF4028954C4700E850C2 /* Release */,
			);
			defaultConfigurationIsVisible = 0;
			defaultConfigurationName = Release;
		};
		3C44AF4128954C4700E850C2 /* Build configuration list for PBXNativeTarget "GitHubFollowers" */ = {
			isa = XCConfigurationList;
			buildConfigurations = (
				3C44AF4228954C4700E850C2 /* Debug */,
				3C44AF4328954C4700E850C2 /* Release */,
			);
			defaultConfigurationIsVisible = 0;
			defaultConfigurationName = Release;
		};
/* End XCConfigurationList section */
	};
	rootObject = 3C44AF2528954C4600E850C2 /* Project object */;
}
